
Microsoft Visual Studio Solution File, Format Version 12.00
# Visual Studio Version 16
VisualStudioVersion = 16.0.809.0
MinimumVisualStudioVersion = 10.0.40219.1
Project("{9A19103F-16F7-4668-BE54-9A1E7A4F7556}") = "BlazorApp.Server", "BlazorApp\Server\BlazorApp.Server.csproj", "{F270AF34-8216-4D8D-9E8B-B5D5D5B46E9A}"
EndProject
Project("{9A19103F-16F7-4668-BE54-9A1E7A4F7556}") = "BlazorApp.Client", "BlazorApp\Client\BlazorApp.Client.csproj", "{B690C4CE-C53B-43E9-9E24-DFDEB2A74C3B}"
EndProject
Project("{9A19103F-16F7-4668-BE54-9A1E7A4F7556}") = "BlazorApp.Shared", "BlazorApp\Shared\BlazorApp.Shared.csproj", "{532447BC-0864-45FF-99DA-B2A0CA932A9B}"
EndProject
Global
	GlobalSection(SolutionConfigurationPlatforms) = preSolution
		Debug|Any CPU = Debug|Any CPU
		Release|Any CPU = Release|Any CPU
	EndGlobalSection
	GlobalSection(ProjectConfigurationPlatforms) = postSolution
		{F270AF34-8216-4D8D-9E8B-B5D5D5B46E9A}.Debug|Any CPU.ActiveCfg = Debug|Any CPU
		{F270AF34-8216-4D8D-9E8B-B5D5D5B46E9A}.Debug|Any CPU.Build.0 = Debug|Any CPU
		{F270AF34-8216-4D8D-9E8B-B5D5D5B46E9A}.Release|Any CPU.ActiveCfg = Release|Any CPU
		{F270AF34-8216-4D8D-9E8B-B5D5D5B46E9A}.Release|Any CPU.Build.0 = Release|Any CPU
		{B690C4CE-C53B-43E9-9E24-DFDEB2A74C3B}.Debug|Any CPU.ActiveCfg = Debug|Any CPU
		{B690C4CE-C53B-43E9-9E24-DFDEB2A74C3B}.Debug|Any CPU.Build.0 = Debug|Any CPU
		{B690C4CE-C53B-43E9-9E24-DFDEB2A74C3B}.Release|Any CPU.ActiveCfg = Release|Any CPU
		{B690C4CE-C53B-43E9-9E24-DFDEB2A74C3B}.Release|Any CPU.Build.0 = Release|Any CPU
		{532447BC-0864-45FF-99DA-B2A0CA932A9B}.Debug|Any CPU.ActiveCfg = Debug|Any CPU
		{532447BC-0864-45FF-99DA-B2A0CA932A9B}.Debug|Any CPU.Build.0 = Debug|Any CPU
		{532447BC-0864-45FF-99DA-B2A0CA932A9B}.Release|Any CPU.ActiveCfg = Release|Any CPU
		{532447BC-0864-45FF-99DA-B2A0CA932A9B}.Release|Any CPU.Build.0 = Release|Any CPU
	EndGlobalSection
	GlobalSection(SolutionProperties) = preSolution
		HideSolutionNode = FALSE
	EndGlobalSection
	GlobalSection(ExtensibilityGlobals) = postSolution
		SolutionGuid = {42B11F6D-8D2F-46E0-BE4F-6AA0B3B391E4}
	EndGlobalSection
EndGlobal
